
Microsoft Visual Studio Solution File, Format Version 12.00
# Visual Studio 15
VisualStudioVersion = 15.0.26430.16
MinimumVisualStudioVersion = 10.0.40219.1
Project("{9A19103F-16F7-4668-BE54-9A1E7A4F7556}") = "WebApi", "WebApi\WebApi.csproj", "{0EB5C0EC-18BE-4025-A34E-E7DCC5FF1EDE}"
EndProject
Project("{FAE04EC0-301F-11D3-BF4B-00C04F79EFBC}") = "WantitApi", "WantitApi\WantitApi.csproj", "{7B944F34-4375-4513-9EA1-92BA5EA58F90}"
EndProject
Global
	GlobalSection(SolutionConfigurationPlatforms) = preSolution
		Debug|Any CPU = Debug|Any CPU
		Release|Any CPU = Release|Any CPU
	EndGlobalSection
	GlobalSection(ProjectConfigurationPlatforms) = postSolution
		{0EB5C0EC-18BE-4025-A34E-E7DCC5FF1EDE}.Debug|Any CPU.ActiveCfg = Debug|Any CPU
		{0EB5C0EC-18BE-4025-A34E-E7DCC5FF1EDE}.Debug|Any CPU.Build.0 = Debug|Any CPU
		{0EB5C0EC-18BE-4025-A34E-E7DCC5FF1EDE}.Release|Any CPU.ActiveCfg = Release|Any CPU
		{0EB5C0EC-18BE-4025-A34E-E7DCC5FF1EDE}.Release|Any CPU.Build.0 = Release|Any CPU
		{7B944F34-4375-4513-9EA1-92BA5EA58F90}.Debug|Any CPU.ActiveCfg = Debug|Any CPU
		{7B944F34-4375-4513-9EA1-92BA5EA58F90}.Debug|Any CPU.Build.0 = Debug|Any CPU
		{7B944F34-4375-4513-9EA1-92BA5EA58F90}.Release|Any CPU.ActiveCfg = Release|Any CPU
		{7B944F34-4375-4513-9EA1-92BA5EA58F90}.Release|Any CPU.Build.0 = Release|Any CPU
	EndGlobalSection
	GlobalSection(SolutionProperties) = preSolution
		HideSolutionNode = FALSE
	EndGlobalSection
EndGlobal
